
Microsoft Visual Studio Solution File, Format Version 12.00
# Visual Studio Version 17
VisualStudioVersion = 17.1.32328.378
MinimumVisualStudioVersion = 10.0.40219.1
Project("{FAE04EC0-301F-11D3-BF4B-00C04F79EFBC}") = "DatabaseAPIExercise", "DatabaseAPIExercise.csproj", "{5DD709A5-7878-4B51-9D8D-D761D2F8D303}"
EndProject
Global
	GlobalSection(SolutionConfigurationPlatforms) = preSolution
		Debug|Any CPU = Debug|Any CPU
		Release|Any CPU = Release|Any CPU
	EndGlobalSection
	GlobalSection(ProjectConfigurationPlatforms) = postSolution
		{5DD709A5-7878-4B51-9D8D-D761D2F8D303}.Debug|Any CPU.ActiveCfg = Debug|Any CPU
		{5DD709A5-7878-4B51-9D8D-D761D2F8D303}.Debug|Any CPU.Build.0 = Debug|Any CPU
		{5DD709A5-7878-4B51-9D8D-D761D2F8D303}.Release|Any CPU.ActiveCfg = Release|Any CPU
		{5DD709A5-7878-4B51-9D8D-D761D2F8D303}.Release|Any CPU.Build.0 = Release|Any CPU
	EndGlobalSection
	GlobalSection(SolutionProperties) = preSolution
		HideSolutionNode = FALSE
	EndGlobalSection
	GlobalSection(ExtensibilityGlobals) = postSolution
		SolutionGuid = {FA4D259F-0F77-4267-AB22-1707AAC2E7A6}
	EndGlobalSection
EndGlobal
